
Microsoft Visual Studio Solution File, Format Version 12.00
# Visual Studio Version 16
VisualStudioVersion = 16.0.30611.23
MinimumVisualStudioVersion = 10.0.40219.1
Project("{9A19103F-16F7-4668-BE54-9A1E7A4F7556}") = "GenericsTestMaximum", "GenericsTestMaximum\GenericsTestMaximum.csproj", "{43FF2C02-181D-4F52-A536-B8377B36F09C}"
EndProject
Project("{FAE04EC0-301F-11D3-BF4B-00C04F79EFBC}") = "MSTestFindMax", "MSTestFindMax\MSTestFindMax.csproj", "{4E9D0438-0B47-48EF-9FBF-9C6EC17ACAEF}"
EndProject
Global
	GlobalSection(SolutionConfigurationPlatforms) = preSolution
		Debug|Any CPU = Debug|Any CPU
		Release|Any CPU = Release|Any CPU
	EndGlobalSection
	GlobalSection(ProjectConfigurationPlatforms) = postSolution
		{43FF2C02-181D-4F52-A536-B8377B36F09C}.Debug|Any CPU.ActiveCfg = Debug|Any CPU
		{43FF2C02-181D-4F52-A536-B8377B36F09C}.Debug|Any CPU.Build.0 = Debug|Any CPU
		{43FF2C02-181D-4F52-A536-B8377B36F09C}.Release|Any CPU.ActiveCfg = Release|Any CPU
		{43FF2C02-181D-4F52-A536-B8377B36F09C}.Release|Any CPU.Build.0 = Release|Any CPU
		{4E9D0438-0B47-48EF-9FBF-9C6EC17ACAEF}.Debug|Any CPU.ActiveCfg = Debug|Any CPU
		{4E9D0438-0B47-48EF-9FBF-9C6EC17ACAEF}.Debug|Any CPU.Build.0 = Debug|Any CPU
		{4E9D0438-0B47-48EF-9FBF-9C6EC17ACAEF}.Release|Any CPU.ActiveCfg = Release|Any CPU
		{4E9D0438-0B47-48EF-9FBF-9C6EC17ACAEF}.Release|Any CPU.Build.0 = Release|Any CPU
	EndGlobalSection
	GlobalSection(SolutionProperties) = preSolution
		HideSolutionNode = FALSE
	EndGlobalSection
	GlobalSection(ExtensibilityGlobals) = postSolution
		SolutionGuid = {F46DF413-F8E5-442F-AC4D-A4568597E297}
	EndGlobalSection
EndGlobal
